// !$*UTF8*$!
{
	archiveVersion = 1;
	classes = {
	};
	objectVersion = 56;
	objects = {

/* Begin PBXBuildFile section */
		04CC6D4F29D2D6FA0088B797 /* Dynamic_Tab_indicators_AnimationsApp.swift in Sources */ = {isa = PBXBuildFile; fileRef = 04CC6D4E29D2D6FA0088B797 /* Dynamic_Tab_indicators_AnimationsApp.swift */; };
		04CC6D5129D2D6FA0088B797 /* ContentView.swift in Sources */ = {isa = PBXBuildFile; fileRef = 04CC6D5029D2D6FA0088B797 /* ContentView.swift */; };
		04CC6D5329D2D6FB0088B797 /* Assets.xcassets in Resources */ = {isa = PBXBuildFile; fileRef = 04CC6D5229D2D6FB0088B797 /* Assets.xcassets */; };
		04CC6D5629D2D6FB0088B797 /* Preview Assets.xcassets in Resources */ = {isa = PBXBuildFile; fileRef = 04CC6D5529D2D6FB0088B797 /* Preview Assets.xcassets */; };
		04CC6D5D29D2D7A30088B797 /* Model.swift in Sources */ = {isa = PBXBuildFile; fileRef = 04CC6D5C29D2D7A30088B797 /* Model.swift */; };
		04CC6D5F29D2DCF60088B797 /* ScrollOffset.swift in Sources */ = {isa = PBXBuildFile; fileRef = 04CC6D5E29D2DCF60088B797 /* ScrollOffset.swift */; };
		04CC6D6129D2E1220088B797 /* LinearInterpolation.swift in Sources */ = {isa = PBXBuildFile; fileRef = 04CC6D6029D2E1220088B797 /* LinearInterpolation.swift */; };
/* End PBXBuildFile section */

/* Begin PBXFileReference section */
		04CC6D4B29D2D6FA0088B797 /* Dynamic-Tab-indicators-Animations.app */ = {isa = PBXFileReference; explicitFileType = wrapper.application; includeInIndex = 0; path = "Dynamic-Tab-indicators-Animations.app"; sourceTree = BUILT_PRODUCTS_DIR; };
		04CC6D4E29D2D6FA0088B797 /* Dynamic_Tab_indicators_AnimationsApp.swift */ = {isa = PBXFileReference; lastKnownFileType = sourcecode.swift; path = Dynamic_Tab_indicators_AnimationsApp.swift; sourceTree = "<group>"; };
		04CC6D5029D2D6FA0088B797 /* ContentView.swift */ = {isa = PBXFileReference; lastKnownFileType = sourcecode.swift; path = ContentView.swift; sourceTree = "<group>"; };
		04CC6D5229D2D6FB0088B797 /* Assets.xcassets */ = {isa = PBXFileReference; lastKnownFileType = folder.assetcatalog; path = Assets.xcassets; sourceTree = "<group>"; };
		04CC6D5529D2D6FB0088B797 /* Preview Assets.xcassets */ = {isa = PBXFileReference; lastKnownFileType = folder.assetcatalog; path = "Preview Assets.xcassets"; sourceTree = "<group>"; };
		04CC6D5C29D2D7A30088B797 /* Model.swift */ = {isa = PBXFileReference; lastKnownFileType = sourcecode.swift; path = Model.swift; sourceTree = "<group>"; };
		04CC6D5E29D2DCF60088B797 /* ScrollOffset.swift */ = {isa = PBXFileReference; lastKnownFileType = sourcecode.swift; path = ScrollOffset.swift; sourceTree = "<group>"; };
		04CC6D6029D2E1220088B797 /* LinearInterpolation.swift */ = {isa = PBXFileReference; lastKnownFileType = sourcecode.swift; path = LinearInterpolation.swift; sourceTree = "<group>"; };
/* End PBXFileReference section */

/* Begin PBXFrameworksBuildPhase section */
		04CC6D4829D2D6FA0088B797 /* Frameworks */ = {
			isa = PBXFrameworksBuildPhase;
			buildActionMask = 2147483647;
			files = (
			);
			runOnlyForDeploymentPostprocessing = 0;
		};
/* End PBXFrameworksBuildPhase section */

/* Begin PBXGroup section */
		04CC6D4229D2D6FA0088B797 = {
			isa = PBXGroup;
			children = (
				04CC6D4D29D2D6FA0088B797 /* Dynamic-Tab-indicators-Animations */,
				04CC6D4C29D2D6FA0088B797 /* Products */,
			);
			sourceTree = "<group>";
		};
		04CC6D4C29D2D6FA0088B797 /* Products */ = {
			isa = PBXGroup;
			children = (
				04CC6D4B29D2D6FA0088B797 /* Dynamic-Tab-indicators-Animations.app */,
			);
			name = Products;
			sourceTree = "<group>";
		};
		04CC6D4D29D2D6FA0088B797 /* Dynamic-Tab-indicators-Animations */ = {
			isa = PBXGroup;
			children = (
				04CC6D4E29D2D6FA0088B797 /* Dynamic_Tab_indicators_AnimationsApp.swift */,
				04CC6D5C29D2D7A30088B797 /* Model.swift */,
				04CC6D5029D2D6FA0088B797 /* ContentView.swift */,
				04CC6D5229D2D6FB0088B797 /* Assets.xcassets */,
				04CC6D5429D2D6FB0088B797 /* Preview Content */,
				04CC6D5E29D2DCF60088B797 /* ScrollOffset.swift */,
				04CC6D6029D2E1220088B797 /* LinearInterpolation.swift */,
			);
			path = "Dynamic-Tab-indicators-Animations";
			sourceTree = "<group>";
		};
		04CC6D5429D2D6FB0088B797 /* Preview Content */ = {
			isa = PBXGroup;
			children = (
				04CC6D5529D2D6FB0088B797 /* Preview Assets.xcassets */,
			);
			path = "Preview Content";
			sourceTree = "<group>";
		};
/* End PBXGroup section */

/* Begin PBXNativeTarget section */
		04CC6D4A29D2D6FA0088B797 /* Dynamic-Tab-indicators-Animations */ = {
			isa = PBXNativeTarget;
			buildConfigurationList = 04CC6D5929D2D6FB0088B797 /* Build configuration list for PBXNativeTarget "Dynamic-Tab-indicators-Animations" */;
			buildPhases = (
				04CC6D4729D2D6FA0088B797 /* Sources */,
				04CC6D4829D2D6FA0088B797 /* Frameworks */,
				04CC6D4929D2D6FA0088B797 /* Resources */,
			);
			buildRules = (
			);
			dependencies = (
			);
			name = "Dynamic-Tab-indicators-Animations";
			productName = "Dynamic-Tab-indicators-Animations";
			productReference = 04CC6D4B29D2D6FA0088B797 /* Dynamic-Tab-indicators-Animations.app */;
			productType = "com.apple.product-type.application";
		};
/* End PBXNativeTarget section */

/* Begin PBXProject section */
		04CC6D4329D2D6FA0088B797 /* Project object */ = {
			isa = PBXProject;
			attributes = {
				BuildIndependentTargetsInParallel = 1;
				LastSwiftUpdateCheck = 1410;
				LastUpgradeCheck = 1410;
				TargetAttributes = {
					04CC6D4A29D2D6FA0088B797 = {
						CreatedOnToolsVersion = 14.1;
					};
				};
			};
			buildConfigurationList = 04CC6D4629D2D6FA0088B797 /* Build configuration list for PBXProject "Dynamic-Tab-indicators-Animations" */;
			compatibilityVersion = "Xcode 14.0";
			developmentRegion = en;
			hasScannedForEncodings = 0;
			knownRegions = (
				en,
				Base,
			);
			mainGroup = 04CC6D4229D2D6FA0088B797;
			productRefGroup = 04CC6D4C29D2D6FA0088B797 /* Products */;
			projectDirPath = "";
			projectRoot = "";
			targets = (
				04CC6D4A29D2D6FA0088B797 /* Dynamic-Tab-indicators-Animations */,
			);
		};
/* End PBXProject section */

/* Begin PBXResourcesBuildPhase section */
		04CC6D4929D2D6FA0088B797 /* Resources */ = {
			isa = PBXResourcesBuildPhase;
			buildActionMask = 2147483647;
			files = (
				04CC6D5629D2D6FB0088B797 /* Preview Assets.xcassets in Resources */,
				04CC6D5329D2D6FB0088B797 /* Assets.xcassets in Resources */,
			);
			runOnlyForDeploymentPostprocessing = 0;
		};
/* End PBXResourcesBuildPhase section */

/* Begin PBXSourcesBuildPhase section */
		04CC6D4729D2D6FA0088B797 /* Sources */ = {
			isa = PBXSourcesBuildPhase;
			buildActionMask = 2147483647;
			files = (
				04CC6D5D29D2D7A30088B797 /* Model.swift in Sources */,
				04CC6D5129D2D6FA0088B797 /* ContentView.swift in Sources */,
				04CC6D6129D2E1220088B797 /* LinearInterpolation.swift in Sources */,
				04CC6D4F29D2D6FA0088B797 /* Dynamic_Tab_indicators_AnimationsApp.swift in Sources */,
				04CC6D5F29D2DCF60088B797 /* ScrollOffset.swift in Sources */,
			);
			runOnlyForDeploymentPostprocessing = 0;
		};
/* End PBXSourcesBuildPhase section */

/* Begin XCBuildConfiguration section */
		04CC6D5729D2D6FB0088B797 /* Debug */ = {
			isa = XCBuildConfiguration;
			buildSettings = {
				ALWAYS_SEARCH_USER_PATHS = NO;
				CLANG_ANALYZER_NONNULL = YES;
				CLANG_ANALYZER_NUMBER_OBJECT_CONVERSION = YES_AGGRESSIVE;
				CLANG_CXX_LANGUAGE_STANDARD = "gnu++20";
				CLANG_ENABLE_MODULES = YES;
				CLANG_ENABLE_OBJC_ARC = YES;
				CLANG_ENABLE_OBJC_WEAK = YES;
				CLANG_WARN_BLOCK_CAPTURE_AUTORELEASING = YES;
				CLANG_WARN_BOOL_CONVERSION = YES;
				CLANG_WARN_COMMA = YES;
				CLANG_WARN_CONSTANT_CONVERSION = YES;
				CLANG_WARN_DEPRECATED_OBJC_IMPLEMENTATIONS = YES;
				CLANG_WARN_DIRECT_OBJC_ISA_USAGE = YES_ERROR;
				CLANG_WARN_DOCUMENTATION_COMMENTS = YES;
				CLANG_WARN_EMPTY_BODY = YES;
				CLANG_WARN_ENUM_CONVERSION = YES;
				CLANG_WARN_INFINITE_RECURSION = YES;
				CLANG_WARN_INT_CONVERSION = YES;
				CLANG_WARN_NON_LITERAL_NULL_CONVERSION = YES;
				CLANG_WARN_OBJC_IMPLICIT_RETAIN_SELF = YES;
				CLANG_WARN_OBJC_LITERAL_CONVERSION = YES;
				CLANG_WARN_OBJC_ROOT_CLASS = YES_ERROR;
				CLANG_WARN_QUOTED_INCLUDE_IN_FRAMEWORK_HEADER = YES;
				CLANG_WARN_RANGE_LOOP_ANALYSIS = YES;
				CLANG_WARN_STRICT_PROTOTYPES = YES;
				CLANG_WARN_SUSPICIOUS_MOVE = YES;
				CLANG_WARN_UNGUARDED_AVAILABILITY = YES_AGGRESSIVE;
				CLANG_WARN_UNREACHABLE_CODE = YES;
				CLANG_WARN__DUPLICATE_METHOD_MATCH = YES;
				COPY_PHASE_STRIP = NO;
				DEBUG_INFORMATION_FORMAT = dwarf;
				ENABLE_STRICT_OBJC_MSGSEND = YES;
				ENABLE_TESTABILITY = YES;
				GCC_C_LANGUAGE_STANDARD = gnu11;
				GCC_DYNAMIC_NO_PIC = NO;
				GCC_NO_COMMON_BLOCKS = YES;
				GCC_OPTIMIZATION_LEVEL = 0;
				GCC_PREPROCESSOR_DEFINITIONS = (
					"DEBUG=1",
					"$(inherited)",
				);
				GCC_WARN_64_TO_32_BIT_CONVERSION = YES;
				GCC_WARN_ABOUT_RETURN_TYPE = YES_ERROR;
				GCC_WARN_UNDECLARED_SELECTOR = YES;
				GCC_WARN_UNINITIALIZED_AUTOS = YES_AGGRESSIVE;
				GCC_WARN_UNUSED_FUNCTION = YES;
				GCC_WARN_UNUSED_VARIABLE = YES;
				IPHONEOS_DEPLOYMENT_TARGET = 16.1;
				MTL_ENABLE_DEBUG_INFO = INCLUDE_SOURCE;
				MTL_FAST_MATH = YES;
				ONLY_ACTIVE_ARCH = YES;
				SDKROOT = iphoneos;
				SWIFT_ACTIVE_COMPILATION_CONDITIONS = DEBUG;
				SWIFT_OPTIMIZATION_LEVEL = "-Onone";
			};
			name = Debug;
		};
		04CC6D5829D2D6FB0088B797 /* Release */ = {
			isa = XCBuildConfiguration;
			buildSettings = {
				ALWAYS_SEARCH_USER_PATHS = NO;
				CLANG_ANALYZER_NONNULL = YES;
				CLANG_ANALYZER_NUMBER_OBJECT_CONVERSION = YES_AGGRESSIVE;
				CLANG_CXX_LANGUAGE_STANDARD = "gnu++20";
				CLANG_ENABLE_MODULES = YES;
				CLANG_ENABLE_OBJC_ARC = YES;
				CLANG_ENABLE_OBJC_WEAK = YES;
				CLANG_WARN_BLOCK_CAPTURE_AUTORELEASING = YES;
				CLANG_WARN_BOOL_CONVERSION = YES;
				CLANG_WARN_COMMA = YES;
				CLANG_WARN_CONSTANT_CONVERSION = YES;
				CLANG_WARN_DEPRECATED_OBJC_IMPLEMENTATIONS = YES;
				CLANG_WARN_DIRECT_OBJC_ISA_USAGE = YES_ERROR;
				CLANG_WARN_DOCUMENTATION_COMMENTS = YES;
				CLANG_WARN_EMPTY_BODY = YES;
				CLANG_WARN_ENUM_CONVERSION = YES;
				CLANG_WARN_INFINITE_RECURSION = YES;
				CLANG_WARN_INT_CONVERSION = YES;
				CLANG_WARN_NON_LITERAL_NULL_CONVERSION = YES;
				CLANG_WARN_OBJC_IMPLICIT_RETAIN_SELF = YES;
				CLANG_WARN_OBJC_LITERAL_CONVERSION = YES;
				CLANG_WARN_OBJC_ROOT_CLASS = YES_ERROR;
				CLANG_WARN_QUOTED_INCLUDE_IN_FRAMEWORK_HEADER = YES;
				CLANG_WARN_RANGE_LOOP_ANALYSIS = YES;
				CLANG_WARN_STRICT_PROTOTYPES = YES;
				CLANG_WARN_SUSPICIOUS_MOVE = YES;
				CLANG_WARN_UNGUARDED_AVAILABILITY = YES_AGGRESSIVE;
				CLANG_WARN_UNREACHABLE_CODE = YES;
				CLANG_WARN__DUPLICATE_METHOD_MATCH = YES;
				COPY_PHASE_STRIP = NO;
				DEBUG_INFORMATION_FORMAT = "dwarf-with-dsym";
				ENABLE_NS_ASSERTIONS = NO;
				ENABLE_STRICT_OBJC_MSGSEND = YES;
				GCC_C_LANGUAGE_STANDARD = gnu11;
				GCC_NO_COMMON_BLOCKS = YES;
				GCC_WARN_64_TO_32_BIT_CONVERSION = YES;
				GCC_WARN_ABOUT_RETURN_TYPE = YES_ERROR;
				GCC_WARN_UNDECLARED_SELECTOR = YES;
				GCC_WARN_UNINITIALIZED_AUTOS = YES_AGGRESSIVE;
				GCC_WARN_UNUSED_FUNCTION = YES;
				GCC_WARN_UNUSED_VARIABLE = YES;
				IPHONEOS_DEPLOYMENT_TARGET = 16.1;
				MTL_ENABLE_DEBUG_INFO = NO;
				MTL_FAST_MATH = YES;
				SDKROOT = iphoneos;
				SWIFT_COMPILATION_MODE = wholemodule;
				SWIFT_OPTIMIZATION_LEVEL = "-O";
				VALIDATE_PRODUCT = YES;
			};
			name = Release;
		};
		04CC6D5A29D2D6FB0088B797 /* Debug */ = {
			isa = XCBuildConfiguration;
			buildSettings = {
				ASSETCATALOG_COMPILER_APPICON_NAME = AppIcon;
				ASSETCATALOG_COMPILER_GLOBAL_ACCENT_COLOR_NAME = AccentColor;
				CODE_SIGN_STYLE = Automatic;
				CURRENT_PROJECT_VERSION = 1;
				DEVELOPMENT_ASSET_PATHS = "\"Dynamic-Tab-indicators-Animations/Preview Content\"";
				ENABLE_PREVIEWS = YES;
				GENERATE_INFOPLIST_FILE = YES;
				INFOPLIST_KEY_UIApplicationSceneManifest_Generation = YES;
				INFOPLIST_KEY_UIApplicationSupportsIndirectInputEvents = YES;
				INFOPLIST_KEY_UILaunchScreen_Generation = YES;
				INFOPLIST_KEY_UISupportedInterfaceOrientations_iPad = "UIInterfaceOrientationPortrait UIInterfaceOrientationPortraitUpsideDown UIInterfaceOrientationLandscapeLeft UIInterfaceOrientationLandscapeRight";
				INFOPLIST_KEY_UISupportedInterfaceOrientations_iPhone = "UIInterfaceOrientationPortrait UIInterfaceOrientationLandscapeLeft UIInterfaceOrientationLandscapeRight";
				IPHONEOS_DEPLOYMENT_TARGET = 14.0;
				LD_RUNPATH_SEARCH_PATHS = (
					"$(inherited)",
					"@executable_path/Frameworks",
				);
				MARKETING_VERSION = 1.0;
				PRODUCT_BUNDLE_IDENTIFIER = "Allian.Dynamic-Tab-indicators-Animations";
				PRODUCT_NAME = "$(TARGET_NAME)";
				SWIFT_EMIT_LOC_STRINGS = YES;
				SWIFT_VERSION = 5.0;
				TARGETED_DEVICE_FAMILY = "1,2";
			};
			name = Debug;
		};
		04CC6D5B29D2D6FB0088B797 /* Release */ = {
			isa = XCBuildConfiguration;
			buildSettings = {
				ASSETCATALOG_COMPILER_APPICON_NAME = AppIcon;
				ASSETCATALOG_COMPILER_GLOBAL_ACCENT_COLOR_NAME = AccentColor;
				CODE_SIGN_STYLE = Automatic;
				CURRENT_PROJECT_VERSION = 1;
				DEVELOPMENT_ASSET_PATHS = "\"Dynamic-Tab-indicators-Animations/Preview Content\"";
				ENABLE_PREVIEWS = YES;
				GENERATE_INFOPLIST_FILE = YES;
				INFOPLIST_KEY_UIApplicationSceneManifest_Generation = YES;
				INFOPLIST_KEY_UIApplicationSupportsIndirectInputEvents = YES;
				INFOPLIST_KEY_UILaunchScreen_Generation = YES;
				INFOPLIST_KEY_UISupportedInterfaceOrientations_iPad = "UIInterfaceOrientationPortrait UIInterfaceOrientationPortraitUpsideDown UIInterfaceOrientationLandscapeLeft UIInterfaceOrientationLandscapeRight";
				INFOPLIST_KEY_UISupportedInterfaceOrientations_iPhone = "UIInterfaceOrientationPortrait UIInterfaceOrientationLandscapeLeft UIInterfaceOrientationLandscapeRight";
				IPHONEOS_DEPLOYMENT_TARGET = 14.0;
				LD_RUNPATH_SEARCH_PATHS = (
					"$(inherited)",
					"@executable_path/Frameworks",
				);
				MARKETING_VERSION = 1.0;
				PRODUCT_BUNDLE_IDENTIFIER = "Allian.Dynamic-Tab-indicators-Animations";
				PRODUCT_NAME = "$(TARGET_NAME)";
				SWIFT_EMIT_LOC_STRINGS = YES;
				SWIFT_VERSION = 5.0;
				TARGETED_DEVICE_FAMILY = "1,2";
			};
			name = Release;
		};
/* End XCBuildConfiguration section */

/* Begin XCConfigurationList section */
		04CC6D4629D2D6FA0088B797 /* Build configuration list for PBXProject "Dynamic-Tab-indicators-Animations" */ = {
			isa = XCConfigurationList;
			buildConfigurations = (
				04CC6D5729D2D6FB0088B797 /* Debug */,
				04CC6D5829D2D6FB0088B797 /* Release */,
			);
			defaultConfigurationIsVisible = 0;
			defaultConfigurationName = Release;
		};
		04CC6D5929D2D6FB0088B797 /* Build configuration list for PBXNativeTarget "Dynamic-Tab-indicators-Animations" */ = {
			isa = XCConfigurationList;
			buildConfigurations = (
				04CC6D5A29D2D6FB0088B797 /* Debug */,
				04CC6D5B29D2D6FB0088B797 /* Release */,
			);
			defaultConfigurationIsVisible = 0;
			defaultConfigurationName = Release;
		};
/* End XCConfigurationList section */
	};
	rootObject = 04CC6D4329D2D6FA0088B797 /* Project object */;
}
